
Microsoft Visual Studio Solution File, Format Version 12.00
# Visual Studio 15
VisualStudioVersion = 15.0.27004.2005
MinimumVisualStudioVersion = 10.0.40219.1
Project("{9092AA53-FB77-4645-B42D-1CCCA6BD08BD}") = "UPV", "UPV\UPV.njsproj", "{67470809-DA05-4A76-B6A9-F8AADEB6D285}"
EndProject
Global
	GlobalSection(SolutionConfigurationPlatforms) = preSolution
		Debug|Any CPU = Debug|Any CPU
		Release|Any CPU = Release|Any CPU
	EndGlobalSection
	GlobalSection(ProjectConfigurationPlatforms) = postSolution
		{67470809-DA05-4A76-B6A9-F8AADEB6D285}.Debug|Any CPU.ActiveCfg = Debug|Any CPU
		{67470809-DA05-4A76-B6A9-F8AADEB6D285}.Debug|Any CPU.Build.0 = Debug|Any CPU
		{67470809-DA05-4A76-B6A9-F8AADEB6D285}.Release|Any CPU.ActiveCfg = Release|Any CPU
		{67470809-DA05-4A76-B6A9-F8AADEB6D285}.Release|Any CPU.Build.0 = Release|Any CPU
	EndGlobalSection
	GlobalSection(SolutionProperties) = preSolution
		HideSolutionNode = FALSE
	EndGlobalSection
	GlobalSection(ExtensibilityGlobals) = postSolution
		SolutionGuid = {801ED1C6-954E-4CCE-BDF5-3DF29A882ABE}
	EndGlobalSection
EndGlobal
